// !$*UTF8*$!
{
	archiveVersion = 1;
	classes = {
	};
	objectVersion = 46;
	objects = {

/* Begin PBXBuildFile section */
		747058271D27A8CF00DDA0C1 /* AppDelegate.swift in Sources */ = {isa = PBXBuildFile; fileRef = 747058261D27A8CF00DDA0C1 /* AppDelegate.swift */; };
		747058291D27A8CF00DDA0C1 /* Document.swift in Sources */ = {isa = PBXBuildFile; fileRef = 747058281D27A8CF00DDA0C1 /* Document.swift */; };
		7470582C1D27A8CF00DDA0C1 /* Document.xib in Resources */ = {isa = PBXBuildFile; fileRef = 7470582A1D27A8CF00DDA0C1 /* Document.xib */; };
		7470582E1D27A8CF00DDA0C1 /* Assets.xcassets in Resources */ = {isa = PBXBuildFile; fileRef = 7470582D1D27A8CF00DDA0C1 /* Assets.xcassets */; };
		747058311D27A8CF00DDA0C1 /* MainMenu.xib in Resources */ = {isa = PBXBuildFile; fileRef = 7470582F1D27A8CF00DDA0C1 /* MainMenu.xib */; };
		7470583C1D27A8CF00DDA0C1 /* SimpleNotesTests.swift in Sources */ = {isa = PBXBuildFile; fileRef = 7470583B1D27A8CF00DDA0C1 /* SimpleNotesTests.swift */; };
		747058471D27A8CF00DDA0C1 /* SimpleNotesUITests.swift in Sources */ = {isa = PBXBuildFile; fileRef = 747058461D27A8CF00DDA0C1 /* SimpleNotesUITests.swift */; };
		74C1F6C11D2853E100D9DE98 /* SimpleNoteCVI.swift in Sources */ = {isa = PBXBuildFile; fileRef = 74C1F6BF1D2853E100D9DE98 /* SimpleNoteCVI.swift */; };
		74C1F6C21D2853E100D9DE98 /* SimpleNoteCVI.xib in Resources */ = {isa = PBXBuildFile; fileRef = 74C1F6C01D2853E100D9DE98 /* SimpleNoteCVI.xib */; };
		74C1F6C51D285EF100D9DE98 /* AddAttachmentVC.swift in Sources */ = {isa = PBXBuildFile; fileRef = 74C1F6C31D285EF100D9DE98 /* AddAttachmentVC.swift */; };
		74C1F6C61D285EF100D9DE98 /* AddAttachmentVC.xib in Resources */ = {isa = PBXBuildFile; fileRef = 74C1F6C41D285EF100D9DE98 /* AddAttachmentVC.xib */; };
/* End PBXBuildFile section */

/* Begin PBXContainerItemProxy section */
		747058381D27A8CF00DDA0C1 /* PBXContainerItemProxy */ = {
			isa = PBXContainerItemProxy;
			containerPortal = 7470581B1D27A8CF00DDA0C1 /* Project object */;
			proxyType = 1;
			remoteGlobalIDString = 747058221D27A8CF00DDA0C1;
			remoteInfo = SimpleNotes;
		};
		747058431D27A8CF00DDA0C1 /* PBXContainerItemProxy */ = {
			isa = PBXContainerItemProxy;
			containerPortal = 7470581B1D27A8CF00DDA0C1 /* Project object */;
			proxyType = 1;
			remoteGlobalIDString = 747058221D27A8CF00DDA0C1;
			remoteInfo = SimpleNotes;
		};
/* End PBXContainerItemProxy section */

/* Begin PBXFileReference section */
		747058231D27A8CF00DDA0C1 /* SimpleNotes.app */ = {isa = PBXFileReference; explicitFileType = wrapper.application; includeInIndex = 0; path = SimpleNotes.app; sourceTree = BUILT_PRODUCTS_DIR; };
		747058261D27A8CF00DDA0C1 /* AppDelegate.swift */ = {isa = PBXFileReference; lastKnownFileType = sourcecode.swift; path = AppDelegate.swift; sourceTree = "<group>"; };
		747058281D27A8CF00DDA0C1 /* Document.swift */ = {isa = PBXFileReference; lastKnownFileType = sourcecode.swift; path = Document.swift; sourceTree = "<group>"; };
		7470582B1D27A8CF00DDA0C1 /* Base */ = {isa = PBXFileReference; lastKnownFileType = file.xib; name = Base; path = Base.lproj/Document.xib; sourceTree = "<group>"; };
		7470582D1D27A8CF00DDA0C1 /* Assets.xcassets */ = {isa = PBXFileReference; lastKnownFileType = folder.assetcatalog; path = Assets.xcassets; sourceTree = "<group>"; };
		747058301D27A8CF00DDA0C1 /* Base */ = {isa = PBXFileReference; lastKnownFileType = file.xib; name = Base; path = Base.lproj/MainMenu.xib; sourceTree = "<group>"; };
		747058321D27A8CF00DDA0C1 /* Info.plist */ = {isa = PBXFileReference; lastKnownFileType = text.plist.xml; path = Info.plist; sourceTree = "<group>"; };
		747058371D27A8CF00DDA0C1 /* SimpleNotesTests.xctest */ = {isa = PBXFileReference; explicitFileType = wrapper.cfbundle; includeInIndex = 0; path = SimpleNotesTests.xctest; sourceTree = BUILT_PRODUCTS_DIR; };
		7470583B1D27A8CF00DDA0C1 /* SimpleNotesTests.swift */ = {isa = PBXFileReference; lastKnownFileType = sourcecode.swift; path = SimpleNotesTests.swift; sourceTree = "<group>"; };
		7470583D1D27A8CF00DDA0C1 /* Info.plist */ = {isa = PBXFileReference; lastKnownFileType = text.plist.xml; path = Info.plist; sourceTree = "<group>"; };
		747058421D27A8CF00DDA0C1 /* SimpleNotesUITests.xctest */ = {isa = PBXFileReference; explicitFileType = wrapper.cfbundle; includeInIndex = 0; path = SimpleNotesUITests.xctest; sourceTree = BUILT_PRODUCTS_DIR; };
		747058461D27A8CF00DDA0C1 /* SimpleNotesUITests.swift */ = {isa = PBXFileReference; lastKnownFileType = sourcecode.swift; path = SimpleNotesUITests.swift; sourceTree = "<group>"; };
		747058481D27A8CF00DDA0C1 /* Info.plist */ = {isa = PBXFileReference; lastKnownFileType = text.plist.xml; path = Info.plist; sourceTree = "<group>"; };
		74C1F6BF1D2853E100D9DE98 /* SimpleNoteCVI.swift */ = {isa = PBXFileReference; fileEncoding = 4; lastKnownFileType = sourcecode.swift; path = SimpleNoteCVI.swift; sourceTree = "<group>"; };
		74C1F6C01D2853E100D9DE98 /* SimpleNoteCVI.xib */ = {isa = PBXFileReference; fileEncoding = 4; lastKnownFileType = file.xib; path = SimpleNoteCVI.xib; sourceTree = "<group>"; };
		74C1F6C31D285EF100D9DE98 /* AddAttachmentVC.swift */ = {isa = PBXFileReference; fileEncoding = 4; lastKnownFileType = sourcecode.swift; path = AddAttachmentVC.swift; sourceTree = "<group>"; };
		74C1F6C41D285EF100D9DE98 /* AddAttachmentVC.xib */ = {isa = PBXFileReference; fileEncoding = 4; lastKnownFileType = file.xib; path = AddAttachmentVC.xib; sourceTree = "<group>"; };
/* End PBXFileReference section */

/* Begin PBXFrameworksBuildPhase section */
		747058201D27A8CF00DDA0C1 /* Frameworks */ = {
			isa = PBXFrameworksBuildPhase;
			buildActionMask = 2147483647;
			files = (
			);
			runOnlyForDeploymentPostprocessing = 0;
		};
		747058341D27A8CF00DDA0C1 /* Frameworks */ = {
			isa = PBXFrameworksBuildPhase;
			buildActionMask = 2147483647;
			files = (
			);
			runOnlyForDeploymentPostprocessing = 0;
		};
		7470583F1D27A8CF00DDA0C1 /* Frameworks */ = {
			isa = PBXFrameworksBuildPhase;
			buildActionMask = 2147483647;
			files = (
			);
			runOnlyForDeploymentPostprocessing = 0;
		};
/* End PBXFrameworksBuildPhase section */

/* Begin PBXGroup section */
		7470581A1D27A8CF00DDA0C1 = {
			isa = PBXGroup;
			children = (
				747058251D27A8CF00DDA0C1 /* SimpleNotes */,
				7470583A1D27A8CF00DDA0C1 /* SimpleNotesTests */,
				747058451D27A8CF00DDA0C1 /* SimpleNotesUITests */,
				747058241D27A8CF00DDA0C1 /* Products */,
			);
			sourceTree = "<group>";
		};
		747058241D27A8CF00DDA0C1 /* Products */ = {
			isa = PBXGroup;
			children = (
				747058231D27A8CF00DDA0C1 /* SimpleNotes.app */,
				747058371D27A8CF00DDA0C1 /* SimpleNotesTests.xctest */,
				747058421D27A8CF00DDA0C1 /* SimpleNotesUITests.xctest */,
			);
			name = Products;
			sourceTree = "<group>";
		};
		747058251D27A8CF00DDA0C1 /* SimpleNotes */ = {
			isa = PBXGroup;
			children = (
				747058261D27A8CF00DDA0C1 /* AppDelegate.swift */,
				747058281D27A8CF00DDA0C1 /* Document.swift */,
				7470582D1D27A8CF00DDA0C1 /* Assets.xcassets */,
				747058321D27A8CF00DDA0C1 /* Info.plist */,
				74C1F6BF1D2853E100D9DE98 /* SimpleNoteCVI.swift */,
				74C1F6C31D285EF100D9DE98 /* AddAttachmentVC.swift */,
				74C1F6C71D285F0000D9DE98 /* XIB */,
			);
			path = SimpleNotes;
			sourceTree = "<group>";
		};
		7470583A1D27A8CF00DDA0C1 /* SimpleNotesTests */ = {
			isa = PBXGroup;
			children = (
				7470583B1D27A8CF00DDA0C1 /* SimpleNotesTests.swift */,
				7470583D1D27A8CF00DDA0C1 /* Info.plist */,
			);
			path = SimpleNotesTests;
			sourceTree = "<group>";
		};
		747058451D27A8CF00DDA0C1 /* SimpleNotesUITests */ = {
			isa = PBXGroup;
			children = (
				747058461D27A8CF00DDA0C1 /* SimpleNotesUITests.swift */,
				747058481D27A8CF00DDA0C1 /* Info.plist */,
			);
			path = SimpleNotesUITests;
			sourceTree = "<group>";
		};
		74C1F6C71D285F0000D9DE98 /* XIB */ = {
			isa = PBXGroup;
			children = (
				74C1F6C41D285EF100D9DE98 /* AddAttachmentVC.xib */,
				74C1F6C01D2853E100D9DE98 /* SimpleNoteCVI.xib */,
				7470582A1D27A8CF00DDA0C1 /* Document.xib */,
				7470582F1D27A8CF00DDA0C1 /* MainMenu.xib */,
			);
			name = XIB;
			sourceTree = "<group>";
		};
/* End PBXGroup section */

/* Begin PBXNativeTarget section */
		747058221D27A8CF00DDA0C1 /* SimpleNotes */ = {
			isa = PBXNativeTarget;
			buildConfigurationList = 7470584B1D27A8CF00DDA0C1 /* Build configuration list for PBXNativeTarget "SimpleNotes" */;
			buildPhases = (
				7470581F1D27A8CF00DDA0C1 /* Sources */,
				747058201D27A8CF00DDA0C1 /* Frameworks */,
				747058211D27A8CF00DDA0C1 /* Resources */,
			);
			buildRules = (
			);
			dependencies = (
			);
			name = SimpleNotes;
			productName = SimpleNotes;
			productReference = 747058231D27A8CF00DDA0C1 /* SimpleNotes.app */;
			productType = "com.apple.product-type.application";
		};
		747058361D27A8CF00DDA0C1 /* SimpleNotesTests */ = {
			isa = PBXNativeTarget;
			buildConfigurationList = 7470584E1D27A8CF00DDA0C1 /* Build configuration list for PBXNativeTarget "SimpleNotesTests" */;
			buildPhases = (
				747058331D27A8CF00DDA0C1 /* Sources */,
				747058341D27A8CF00DDA0C1 /* Frameworks */,
				747058351D27A8CF00DDA0C1 /* Resources */,
			);
			buildRules = (
			);
			dependencies = (
				747058391D27A8CF00DDA0C1 /* PBXTargetDependency */,
			);
			name = SimpleNotesTests;
			productName = SimpleNotesTests;
			productReference = 747058371D27A8CF00DDA0C1 /* SimpleNotesTests.xctest */;
			productType = "com.apple.product-type.bundle.unit-test";
		};
		747058411D27A8CF00DDA0C1 /* SimpleNotesUITests */ = {
			isa = PBXNativeTarget;
			buildConfigurationList = 747058511D27A8CF00DDA0C1 /* Build configuration list for PBXNativeTarget "SimpleNotesUITests" */;
			buildPhases = (
				7470583E1D27A8CF00DDA0C1 /* Sources */,
				7470583F1D27A8CF00DDA0C1 /* Frameworks */,
				747058401D27A8CF00DDA0C1 /* Resources */,
			);
			buildRules = (
			);
			dependencies = (
				747058441D27A8CF00DDA0C1 /* PBXTargetDependency */,
			);
			name = SimpleNotesUITests;
			productName = SimpleNotesUITests;
			productReference = 747058421D27A8CF00DDA0C1 /* SimpleNotesUITests.xctest */;
			productType = "com.apple.product-type.bundle.ui-testing";
		};
/* End PBXNativeTarget section */

/* Begin PBXProject section */
		7470581B1D27A8CF00DDA0C1 /* Project object */ = {
			isa = PBXProject;
			attributes = {
				LastSwiftUpdateCheck = 0730;
				LastUpgradeCheck = 0730;
				ORGANIZATIONNAME = "Ajay Thakur";
				TargetAttributes = {
					747058221D27A8CF00DDA0C1 = {
						CreatedOnToolsVersion = 7.3.1;
					};
					747058361D27A8CF00DDA0C1 = {
						CreatedOnToolsVersion = 7.3.1;
						TestTargetID = 747058221D27A8CF00DDA0C1;
					};
					747058411D27A8CF00DDA0C1 = {
						CreatedOnToolsVersion = 7.3.1;
						TestTargetID = 747058221D27A8CF00DDA0C1;
					};
				};
			};
			buildConfigurationList = 7470581E1D27A8CF00DDA0C1 /* Build configuration list for PBXProject "SimpleNotes" */;
			compatibilityVersion = "Xcode 3.2";
			developmentRegion = English;
			hasScannedForEncodings = 0;
			knownRegions = (
				en,
				Base,
			);
			mainGroup = 7470581A1D27A8CF00DDA0C1;
			productRefGroup = 747058241D27A8CF00DDA0C1 /* Products */;
			projectDirPath = "";
			projectRoot = "";
			targets = (
				747058221D27A8CF00DDA0C1 /* SimpleNotes */,
				747058361D27A8CF00DDA0C1 /* SimpleNotesTests */,
				747058411D27A8CF00DDA0C1 /* SimpleNotesUITests */,
			);
		};
/* End PBXProject section */

/* Begin PBXResourcesBuildPhase section */
		747058211D27A8CF00DDA0C1 /* Resources */ = {
			isa = PBXResourcesBuildPhase;
			buildActionMask = 2147483647;
			files = (
				74C1F6C21D2853E100D9DE98 /* SimpleNoteCVI.xib in Resources */,
				7470582E1D27A8CF00DDA0C1 /* Assets.xcassets in Resources */,
				7470582C1D27A8CF00DDA0C1 /* Document.xib in Resources */,
				74C1F6C61D285EF100D9DE98 /* AddAttachmentVC.xib in Resources */,
				747058311D27A8CF00DDA0C1 /* MainMenu.xib in Resources */,
			);
			runOnlyForDeploymentPostprocessing = 0;
		};
		747058351D27A8CF00DDA0C1 /* Resources */ = {
			isa = PBXResourcesBuildPhase;
			buildActionMask = 2147483647;
			files = (
			);
			runOnlyForDeploymentPostprocessing = 0;
		};
		747058401D27A8CF00DDA0C1 /* Resources */ = {
			isa = PBXResourcesBuildPhase;
			buildActionMask = 2147483647;
			files = (
			);
			runOnlyForDeploymentPostprocessing = 0;
		};
/* End PBXResourcesBuildPhase section */

/* Begin PBXSourcesBuildPhase section */
		7470581F1D27A8CF00DDA0C1 /* Sources */ = {
			isa = PBXSourcesBuildPhase;
			buildActionMask = 2147483647;
			files = (
				747058291D27A8CF00DDA0C1 /* Document.swift in Sources */,
				74C1F6C11D2853E100D9DE98 /* SimpleNoteCVI.swift in Sources */,
				747058271D27A8CF00DDA0C1 /* AppDelegate.swift in Sources */,
				74C1F6C51D285EF100D9DE98 /* AddAttachmentVC.swift in Sources */,
			);
			runOnlyForDeploymentPostprocessing = 0;
		};
		747058331D27A8CF00DDA0C1 /* Sources */ = {
			isa = PBXSourcesBuildPhase;
			buildActionMask = 2147483647;
			files = (
				7470583C1D27A8CF00DDA0C1 /* SimpleNotesTests.swift in Sources */,
			);
			runOnlyForDeploymentPostprocessing = 0;
		};
		7470583E1D27A8CF00DDA0C1 /* Sources */ = {
			isa = PBXSourcesBuildPhase;
			buildActionMask = 2147483647;
			files = (
				747058471D27A8CF00DDA0C1 /* SimpleNotesUITests.swift in Sources */,
			);
			runOnlyForDeploymentPostprocessing = 0;
		};
/* End PBXSourcesBuildPhase section */

/* Begin PBXTargetDependency section */
		747058391D27A8CF00DDA0C1 /* PBXTargetDependency */ = {
			isa = PBXTargetDependency;
			target = 747058221D27A8CF00DDA0C1 /* SimpleNotes */;
			targetProxy = 747058381D27A8CF00DDA0C1 /* PBXContainerItemProxy */;
		};
		747058441D27A8CF00DDA0C1 /* PBXTargetDependency */ = {
			isa = PBXTargetDependency;
			target = 747058221D27A8CF00DDA0C1 /* SimpleNotes */;
			targetProxy = 747058431D27A8CF00DDA0C1 /* PBXContainerItemProxy */;
		};
/* End PBXTargetDependency section */

/* Begin PBXVariantGroup section */
		7470582A1D27A8CF00DDA0C1 /* Document.xib */ = {
			isa = PBXVariantGroup;
			children = (
				7470582B1D27A8CF00DDA0C1 /* Base */,
			);
			name = Document.xib;
			sourceTree = "<group>";
		};
		7470582F1D27A8CF00DDA0C1 /* MainMenu.xib */ = {
			isa = PBXVariantGroup;
			children = (
				747058301D27A8CF00DDA0C1 /* Base */,
			);
			name = MainMenu.xib;
			sourceTree = "<group>";
		};
/* End PBXVariantGroup section */

/* Begin XCBuildConfiguration section */
		747058491D27A8CF00DDA0C1 /* Debug */ = {
			isa = XCBuildConfiguration;
			buildSettings = {
				ALWAYS_SEARCH_USER_PATHS = NO;
				CLANG_ANALYZER_NONNULL = YES;
				CLANG_CXX_LANGUAGE_STANDARD = "gnu++0x";
				CLANG_CXX_LIBRARY = "libc++";
				CLANG_ENABLE_MODULES = YES;
				CLANG_ENABLE_OBJC_ARC = YES;
				CLANG_WARN_BOOL_CONVERSION = YES;
				CLANG_WARN_CONSTANT_CONVERSION = YES;
				CLANG_WARN_DIRECT_OBJC_ISA_USAGE = YES_ERROR;
				CLANG_WARN_EMPTY_BODY = YES;
				CLANG_WARN_ENUM_CONVERSION = YES;
				CLANG_WARN_INT_CONVERSION = YES;
				CLANG_WARN_OBJC_ROOT_CLASS = YES_ERROR;
				CLANG_WARN_UNREACHABLE_CODE = YES;
				CLANG_WARN__DUPLICATE_METHOD_MATCH = YES;
				CODE_SIGN_IDENTITY = "-";
				COPY_PHASE_STRIP = NO;
				DEBUG_INFORMATION_FORMAT = dwarf;
				ENABLE_STRICT_OBJC_MSGSEND = YES;
				ENABLE_TESTABILITY = YES;
				GCC_C_LANGUAGE_STANDARD = gnu99;
				GCC_DYNAMIC_NO_PIC = NO;
				GCC_NO_COMMON_BLOCKS = YES;
				GCC_OPTIMIZATION_LEVEL = 0;
				GCC_PREPROCESSOR_DEFINITIONS = (
					"DEBUG=1",
					"$(inherited)",
				);
				GCC_WARN_64_TO_32_BIT_CONVERSION = YES;
				GCC_WARN_ABOUT_RETURN_TYPE = YES_ERROR;
				GCC_WARN_UNDECLARED_SELECTOR = YES;
				GCC_WARN_UNINITIALIZED_AUTOS = YES_AGGRESSIVE;
				GCC_WARN_UNUSED_FUNCTION = YES;
				GCC_WARN_UNUSED_VARIABLE = YES;
				MACOSX_DEPLOYMENT_TARGET = 10.11;
				MTL_ENABLE_DEBUG_INFO = YES;
				ONLY_ACTIVE_ARCH = YES;
				SDKROOT = macosx;
				SWIFT_OPTIMIZATION_LEVEL = "-Onone";
			};
			name = Debug;
		};
		7470584A1D27A8CF00DDA0C1 /* Release */ = {
			isa = XCBuildConfiguration;
			buildSettings = {
				ALWAYS_SEARCH_USER_PATHS = NO;
				CLANG_ANALYZER_NONNULL = YES;
				CLANG_CXX_LANGUAGE_STANDARD = "gnu++0x";
				CLANG_CXX_LIBRARY = "libc++";
				CLANG_ENABLE_MODULES = YES;
				CLANG_ENABLE_OBJC_ARC = YES;
				CLANG_WARN_BOOL_CONVERSION = YES;
				CLANG_WARN_CONSTANT_CONVERSION = YES;
				CLANG_WARN_DIRECT_OBJC_ISA_USAGE = YES_ERROR;
				CLANG_WARN_EMPTY_BODY = YES;
				CLANG_WARN_ENUM_CONVERSION = YES;
				CLANG_WARN_INT_CONVERSION = YES;
				CLANG_WARN_OBJC_ROOT_CLASS = YES_ERROR;
				CLANG_WARN_UNREACHABLE_CODE = YES;
				CLANG_WARN__DUPLICATE_METHOD_MATCH = YES;
				CODE_SIGN_IDENTITY = "-";
				COPY_PHASE_STRIP = NO;
				DEBUG_INFORMATION_FORMAT = "dwarf-with-dsym";
				ENABLE_NS_ASSERTIONS = NO;
				ENABLE_STRICT_OBJC_MSGSEND = YES;
				GCC_C_LANGUAGE_STANDARD = gnu99;
				GCC_NO_COMMON_BLOCKS = YES;
				GCC_WARN_64_TO_32_BIT_CONVERSION = YES;
				GCC_WARN_ABOUT_RETURN_TYPE = YES_ERROR;
				GCC_WARN_UNDECLARED_SELECTOR = YES;
				GCC_WARN_UNINITIALIZED_AUTOS = YES_AGGRESSIVE;
				GCC_WARN_UNUSED_FUNCTION = YES;
				GCC_WARN_UNUSED_VARIABLE = YES;
				MACOSX_DEPLOYMENT_TARGET = 10.11;
				MTL_ENABLE_DEBUG_INFO = NO;
				SDKROOT = macosx;
			};
			name = Release;
		};
		7470584C1D27A8CF00DDA0C1 /* Debug */ = {
			isa = XCBuildConfiguration;
			buildSettings = {
				ASSETCATALOG_COMPILER_APPICON_NAME = AppIcon;
				COMBINE_HIDPI_IMAGES = YES;
				INFOPLIST_FILE = SimpleNotes/Info.plist;
				LD_RUNPATH_SEARCH_PATHS = "$(inherited) @executable_path/../Frameworks";
				PRODUCT_BUNDLE_IDENTIFIER = com.plutoapps.SimpleNotes;
				PRODUCT_NAME = "$(TARGET_NAME)";
			};
			name = Debug;
		};
		7470584D1D27A8CF00DDA0C1 /* Release */ = {
			isa = XCBuildConfiguration;
			buildSettings = {
				ASSETCATALOG_COMPILER_APPICON_NAME = AppIcon;
				COMBINE_HIDPI_IMAGES = YES;
				INFOPLIST_FILE = SimpleNotes/Info.plist;
				LD_RUNPATH_SEARCH_PATHS = "$(inherited) @executable_path/../Frameworks";
				PRODUCT_BUNDLE_IDENTIFIER = com.plutoapps.SimpleNotes;
				PRODUCT_NAME = "$(TARGET_NAME)";
			};
			name = Release;
		};
		7470584F1D27A8CF00DDA0C1 /* Debug */ = {
			isa = XCBuildConfiguration;
			buildSettings = {
				BUNDLE_LOADER = "$(TEST_HOST)";
				COMBINE_HIDPI_IMAGES = YES;
				INFOPLIST_FILE = SimpleNotesTests/Info.plist;
				LD_RUNPATH_SEARCH_PATHS = "$(inherited) @executable_path/../Frameworks @loader_path/../Frameworks";
				PRODUCT_BUNDLE_IDENTIFIER = com.plutoapps.SimpleNotesTests;
				PRODUCT_NAME = "$(TARGET_NAME)";
				TEST_HOST = "$(BUILT_PRODUCTS_DIR)/SimpleNotes.app/Contents/MacOS/SimpleNotes";
			};
			name = Debug;
		};
		747058501D27A8CF00DDA0C1 /* Release */ = {
			isa = XCBuildConfiguration;
			buildSettings = {
				BUNDLE_LOADER = "$(TEST_HOST)";
				COMBINE_HIDPI_IMAGES = YES;
				INFOPLIST_FILE = SimpleNotesTests/Info.plist;
				LD_RUNPATH_SEARCH_PATHS = "$(inherited) @executable_path/../Frameworks @loader_path/../Frameworks";
				PRODUCT_BUNDLE_IDENTIFIER = com.plutoapps.SimpleNotesTests;
				PRODUCT_NAME = "$(TARGET_NAME)";
				TEST_HOST = "$(BUILT_PRODUCTS_DIR)/SimpleNotes.app/Contents/MacOS/SimpleNotes";
			};
			name = Release;
		};
		747058521D27A8CF00DDA0C1 /* Debug */ = {
			isa = XCBuildConfiguration;
			buildSettings = {
				COMBINE_HIDPI_IMAGES = YES;
				INFOPLIST_FILE = SimpleNotesUITests/Info.plist;
				LD_RUNPATH_SEARCH_PATHS = "$(inherited) @executable_path/../Frameworks @loader_path/../Frameworks";
				PRODUCT_BUNDLE_IDENTIFIER = com.plutoapps.SimpleNotesUITests;
				PRODUCT_NAME = "$(TARGET_NAME)";
				TEST_TARGET_NAME = SimpleNotes;
			};
			name = Debug;
		};
		747058531D27A8CF00DDA0C1 /* Release */ = {
			isa = XCBuildConfiguration;
			buildSettings = {
				COMBINE_HIDPI_IMAGES = YES;
				INFOPLIST_FILE = SimpleNotesUITests/Info.plist;
				LD_RUNPATH_SEARCH_PATHS = "$(inherited) @executable_path/../Frameworks @loader_path/../Frameworks";
				PRODUCT_BUNDLE_IDENTIFIER = com.plutoapps.SimpleNotesUITests;
				PRODUCT_NAME = "$(TARGET_NAME)";
				TEST_TARGET_NAME = SimpleNotes;
			};
			name = Release;
		};
/* End XCBuildConfiguration section */

/* Begin XCConfigurationList section */
		7470581E1D27A8CF00DDA0C1 /* Build configuration list for PBXProject "SimpleNotes" */ = {
			isa = XCConfigurationList;
			buildConfigurations = (
				747058491D27A8CF00DDA0C1 /* Debug */,
				7470584A1D27A8CF00DDA0C1 /* Release */,
			);
			defaultConfigurationIsVisible = 0;
			defaultConfigurationName = Release;
		};
		7470584B1D27A8CF00DDA0C1 /* Build configuration list for PBXNativeTarget "SimpleNotes" */ = {
			isa = XCConfigurationList;
			buildConfigurations = (
				7470584C1D27A8CF00DDA0C1 /* Debug */,
				7470584D1D27A8CF00DDA0C1 /* Release */,
			);
			defaultConfigurationIsVisible = 0;
			defaultConfigurationName = Release;
		};
		7470584E1D27A8CF00DDA0C1 /* Build configuration list for PBXNativeTarget "SimpleNotesTests" */ = {
			isa = XCConfigurationList;
			buildConfigurations = (
				7470584F1D27A8CF00DDA0C1 /* Debug */,
				747058501D27A8CF00DDA0C1 /* Release */,
			);
			defaultConfigurationIsVisible = 0;
			defaultConfigurationName = Release;
		};
		747058511D27A8CF00DDA0C1 /* Build configuration list for PBXNativeTarget "SimpleNotesUITests" */ = {
			isa = XCConfigurationList;
			buildConfigurations = (
				747058521D27A8CF00DDA0C1 /* Debug */,
				747058531D27A8CF00DDA0C1 /* Release */,
			);
			defaultConfigurationIsVisible = 0;
			defaultConfigurationName = Release;
		};
/* End XCConfigurationList section */
	};
	rootObject = 7470581B1D27A8CF00DDA0C1 /* Project object */;
}
